// !$*UTF8*$!
{
	archiveVersion = 1;
	classes = {
	};
	objectVersion = 56;
	objects = {

/* Begin PBXBuildFile section */
		2A1165FB2BFB1B67000F61B0 /* AddWordBookVC.swift in Sources */ = {isa = PBXBuildFile; fileRef = 2A1165FA2BFB1B67000F61B0 /* AddWordBookVC.swift */; };
		2A1165FD2BFB20B9000F61B0 /* UIColor+Ext.swift in Sources */ = {isa = PBXBuildFile; fileRef = 2A1165FC2BFB20B9000F61B0 /* UIColor+Ext.swift */; };
		2A1165FF2BFB2175000F61B0 /* RadioButton.swift in Sources */ = {isa = PBXBuildFile; fileRef = 2A1165FE2BFB2175000F61B0 /* RadioButton.swift */; };
		2A1166012BFB723D000F61B0 /* WordbookCell.swift in Sources */ = {isa = PBXBuildFile; fileRef = 2A1166002BFB723D000F61B0 /* WordbookCell.swift */; };
		2A511B152BF5FCFB00CDA177 /* User.swift in Sources */ = {isa = PBXBuildFile; fileRef = 2A511B142BF5FCFB00CDA177 /* User.swift */; };
		2A511B182BF61A2D00CDA177 /* GoogleService-Info.plist in Resources */ = {isa = PBXBuildFile; fileRef = 2A511B172BF61A2D00CDA177 /* GoogleService-Info.plist */; };
		2A511B1A2BF625D400CDA177 /* SignInAppleHelper.swift in Sources */ = {isa = PBXBuildFile; fileRef = 2A511B192BF625D400CDA177 /* SignInAppleHelper.swift */; };
		2A67F9032BF7675D0075465D /* FirestoreManager.swift in Sources */ = {isa = PBXBuildFile; fileRef = 2A67F9022BF7675D0075465D /* FirestoreManager.swift */; };
		2A67F9052BF772B40075465D /* FriendCell.swift in Sources */ = {isa = PBXBuildFile; fileRef = 2A67F9042BF772B40075465D /* FriendCell.swift */; };
		2A67F9072BF772D80075465D /* SearchFriendsVC.swift in Sources */ = {isa = PBXBuildFile; fileRef = 2A67F9062BF772D80075465D /* SearchFriendsVC.swift */; };
		2A6C0CED2BF911840035B405 /* ProfileVC.swift in Sources */ = {isa = PBXBuildFile; fileRef = 2A6C0CEC2BF911840035B405 /* ProfileVC.swift */; };
		2A6C0CEF2BF9415D0035B405 /* NotificationExtensions.swift in Sources */ = {isa = PBXBuildFile; fileRef = 2A6C0CEE2BF9415D0035B405 /* NotificationExtensions.swift */; };
		2A6C0CF12BF998670035B405 /* ProfileViewModel.swift in Sources */ = {isa = PBXBuildFile; fileRef = 2A6C0CF02BF998670035B405 /* ProfileViewModel.swift */; };
		2A8447132BF3590300AE319A /* Formatter.swift in Sources */ = {isa = PBXBuildFile; fileRef = 2A8447102BF3590300AE319A /* Formatter.swift */; };
		2A8447142BF3590300AE319A /* Numeric.swift in Sources */ = {isa = PBXBuildFile; fileRef = 2A8447112BF3590300AE319A /* Numeric.swift */; };
		2A8447192BF3631100AE319A /* FirebaseAnalytics in Frameworks */ = {isa = PBXBuildFile; productRef = 2A8447182BF3631100AE319A /* FirebaseAnalytics */; };
		2A84471B2BF3631100AE319A /* FirebaseAnalyticsSwift in Frameworks */ = {isa = PBXBuildFile; productRef = 2A84471A2BF3631100AE319A /* FirebaseAnalyticsSwift */; };
		2A84471D2BF3631100AE319A /* FirebaseAuth in Frameworks */ = {isa = PBXBuildFile; productRef = 2A84471C2BF3631100AE319A /* FirebaseAuth */; };
		2A84471F2BF3631100AE319A /* FirebaseAuthCombine-Community in Frameworks */ = {isa = PBXBuildFile; productRef = 2A84471E2BF3631100AE319A /* FirebaseAuthCombine-Community */; };
		2A8447212BF3631100AE319A /* FirebaseDatabase in Frameworks */ = {isa = PBXBuildFile; productRef = 2A8447202BF3631100AE319A /* FirebaseDatabase */; };
		2A8447232BF3631100AE319A /* FirebaseDatabaseSwift in Frameworks */ = {isa = PBXBuildFile; productRef = 2A8447222BF3631100AE319A /* FirebaseDatabaseSwift */; };
		2A8447252BF3631100AE319A /* FirebaseFirestore in Frameworks */ = {isa = PBXBuildFile; productRef = 2A8447242BF3631100AE319A /* FirebaseFirestore */; };
		2A8447272BF3631100AE319A /* FirebaseFirestoreCombine-Community in Frameworks */ = {isa = PBXBuildFile; productRef = 2A8447262BF3631100AE319A /* FirebaseFirestoreCombine-Community */; };
		2A8447292BF3631100AE319A /* FirebaseFirestoreSwift in Frameworks */ = {isa = PBXBuildFile; productRef = 2A8447282BF3631100AE319A /* FirebaseFirestoreSwift */; };
		2A84472B2BF3631100AE319A /* FirebaseStorage in Frameworks */ = {isa = PBXBuildFile; productRef = 2A84472A2BF3631100AE319A /* FirebaseStorage */; };
		2A84472D2BF3631100AE319A /* FirebaseStorageCombine-Community in Frameworks */ = {isa = PBXBuildFile; productRef = 2A84472C2BF3631100AE319A /* FirebaseStorageCombine-Community */; };
		2A8447322BF36B3800AE319A /* AuthenticationVC.swift in Sources */ = {isa = PBXBuildFile; fileRef = 2A8447312BF36B3800AE319A /* AuthenticationVC.swift */; };
		2A8447342BF36B9400AE319A /* SignUpVC.swift in Sources */ = {isa = PBXBuildFile; fileRef = 2A8447332BF36B9400AE319A /* SignUpVC.swift */; };
		2A8447362BF36BD600AE319A /* AuthenticationManager.swift in Sources */ = {isa = PBXBuildFile; fileRef = 2A8447352BF36BD600AE319A /* AuthenticationManager.swift */; };
		2A8447382BF3850C00AE319A /* SignInVC.swift in Sources */ = {isa = PBXBuildFile; fileRef = 2A8447372BF3850C00AE319A /* SignInVC.swift */; };
		2AA413D62BF3D14100C34FEB /* SignInGoogleHelper.swift in Sources */ = {isa = PBXBuildFile; fileRef = 2AA413D52BF3D14100C34FEB /* SignInGoogleHelper.swift */; };
		2AA413D92BF3D17100C34FEB /* GoogleSignIn in Frameworks */ = {isa = PBXBuildFile; productRef = 2AA413D82BF3D17100C34FEB /* GoogleSignIn */; };
		2AA413DB2BF3D17100C34FEB /* GoogleSignInSwift in Frameworks */ = {isa = PBXBuildFile; productRef = 2AA413DA2BF3D17100C34FEB /* GoogleSignInSwift */; };
		2AA413DD2BF3D1D400C34FEB /* Utilities.swift in Sources */ = {isa = PBXBuildFile; fileRef = 2AA413DC2BF3D1D400C34FEB /* Utilities.swift */; };
		9C1F0F8A2BF5E02E002D680D /* PlayingListVC.swift in Sources */ = {isa = PBXBuildFile; fileRef = 9C1F0F892BF5E02E002D680D /* PlayingListVC.swift */; };
		9C1F0F8C2BF5E0BC002D680D /* MyInfoVC.swift in Sources */ = {isa = PBXBuildFile; fileRef = 9C1F0F8B2BF5E0BC002D680D /* MyInfoVC.swift */; };
		9C1F0F9A2BF6F3F5002D680D /* RemoteDictionary.swift in Sources */ = {isa = PBXBuildFile; fileRef = 9C1F0F992BF6F3F5002D680D /* RemoteDictionary.swift */; };
		9C1F0F9C2BF6F4E8002D680D /* DictionaryVC.swift in Sources */ = {isa = PBXBuildFile; fileRef = 9C1F0F9B2BF6F4E8002D680D /* DictionaryVC.swift */; };
		9C1F0F9E2BF732EB002D680D /* InvitingVC.swift in Sources */ = {isa = PBXBuildFile; fileRef = 9C1F0F9D2BF732EB002D680D /* InvitingVC.swift */; };
		9C1F0FA02BF7332F002D680D /* MyPageVC.swift in Sources */ = {isa = PBXBuildFile; fileRef = 9C1F0F9F2BF7332F002D680D /* MyPageVC.swift */; };
		9C1F0FA22BF76BE1002D680D /* DictionaryTableViewCell.swift in Sources */ = {isa = PBXBuildFile; fileRef = 9C1F0FA12BF76BE1002D680D /* DictionaryTableViewCell.swift */; };
		9C1F0FA42BF78C4A002D680D /* TabBarController.swift in Sources */ = {isa = PBXBuildFile; fileRef = 9C1F0FA32BF78C4A002D680D /* TabBarController.swift */; };
		9C1F0FB82BFB9332002D680D /* TestFriendViewCell.swift in Sources */ = {isa = PBXBuildFile; fileRef = 9C1F0FB72BFB9332002D680D /* TestFriendViewCell.swift */; };
		9C1F0FBA2BFB939E002D680D /* TestResultView.swift in Sources */ = {isa = PBXBuildFile; fileRef = 9C1F0FB92BFB939E002D680D /* TestResultView.swift */; };
		9C1F0FBC2BFB93C5002D680D /* TestView.swift in Sources */ = {isa = PBXBuildFile; fileRef = 9C1F0FBB2BFB93C5002D680D /* TestView.swift */; };
		9C1F0FBE2BFB9479002D680D /* TestIntroView.swift in Sources */ = {isa = PBXBuildFile; fileRef = 9C1F0FBD2BFB9479002D680D /* TestIntroView.swift */; };
		9C1F0FC02BFB94BA002D680D /* TestResultViewController.swift in Sources */ = {isa = PBXBuildFile; fileRef = 9C1F0FBF2BFB94BA002D680D /* TestResultViewController.swift */; };
		9C1F0FC22BFB94EE002D680D /* TestViewController.swift in Sources */ = {isa = PBXBuildFile; fileRef = 9C1F0FC12BFB94EE002D680D /* TestViewController.swift */; };
		9C1F0FC42BFBA98C002D680D /* MyPage.swift in Sources */ = {isa = PBXBuildFile; fileRef = 9C1F0FC32BFBA98C002D680D /* MyPage.swift */; };
		9C1F0FC62BFBA9E6002D680D /* CarouselLayout.swift in Sources */ = {isa = PBXBuildFile; fileRef = 9C1F0FC52BFBA9E6002D680D /* CarouselLayout.swift */; };
		9C1F0FCA2BFBAAB4002D680D /* CollectionView+Ext.swift in Sources */ = {isa = PBXBuildFile; fileRef = 9C1F0FC92BFBAAB4002D680D /* CollectionView+Ext.swift */; };
		9C1F0FCE2BFBABE5002D680D /* MyPageWordViewController.swift in Sources */ = {isa = PBXBuildFile; fileRef = 9C1F0FCD2BFBABE5002D680D /* MyPageWordViewController.swift */; };
		9C1F0FD02BFBAC25002D680D /* MyPageModalViewController.swift in Sources */ = {isa = PBXBuildFile; fileRef = 9C1F0FCF2BFBAC25002D680D /* MyPageModalViewController.swift */; };
		9C1F0FD22BFBAC5F002D680D /* MyPageCollectionViewCell.swift in Sources */ = {isa = PBXBuildFile; fileRef = 9C1F0FD12BFBAC5F002D680D /* MyPageCollectionViewCell.swift */; };
		9C1F0FD42BFBAC93002D680D /* EmptyCollectionViewCell.swift in Sources */ = {isa = PBXBuildFile; fileRef = 9C1F0FD32BFBAC93002D680D /* EmptyCollectionViewCell.swift */; };
		9C1F0FD62BFBAD52002D680D /* LabelFactory.swift in Sources */ = {isa = PBXBuildFile; fileRef = 9C1F0FD52BFBAD52002D680D /* LabelFactory.swift */; };
		9C1F0FD82BFBAD75002D680D /* ImageFactory.swift in Sources */ = {isa = PBXBuildFile; fileRef = 9C1F0FD72BFBAD75002D680D /* ImageFactory.swift */; };
		9C1F0FDC2BFC66D1002D680D /* InvitationData.swift in Sources */ = {isa = PBXBuildFile; fileRef = 9C1F0FDB2BFC66D1002D680D /* InvitationData.swift */; };
		9C1F0FDE2BFCB33F002D680D /* DefaultTableViewCell.swift in Sources */ = {isa = PBXBuildFile; fileRef = 9C1F0FDD2BFCB33F002D680D /* DefaultTableViewCell.swift */; };
		9C1F0FE02BFCB351002D680D /* ExpandableTableViewCell.swift in Sources */ = {isa = PBXBuildFile; fileRef = 9C1F0FDF2BFCB351002D680D /* ExpandableTableViewCell.swift */; };
		9C1F0FE22BFDCEC4002D680D /* InvitedFriendCell.swift in Sources */ = {isa = PBXBuildFile; fileRef = 9C1F0FE12BFDCEC4002D680D /* InvitedFriendCell.swift */; };
		9C1F0FE52BFDD6F8002D680D /* SnapKit in Frameworks */ = {isa = PBXBuildFile; productRef = B9F7CEA52BFC27DC00DEF732 /* SnapKit */; };
		F410EB902BF329980075BA50 /* AppDelegate.swift in Sources */ = {isa = PBXBuildFile; fileRef = F410EB8F2BF329980075BA50 /* AppDelegate.swift */; };
		F410EB922BF329980075BA50 /* SceneDelegate.swift in Sources */ = {isa = PBXBuildFile; fileRef = F410EB912BF329980075BA50 /* SceneDelegate.swift */; };
		F410EB942BF329980075BA50 /* ViewController.swift in Sources */ = {isa = PBXBuildFile; fileRef = F410EB932BF329980075BA50 /* ViewController.swift */; };
		F410EB972BF329980075BA50 /* Main.storyboard in Resources */ = {isa = PBXBuildFile; fileRef = F410EB952BF329980075BA50 /* Main.storyboard */; };
		F410EB992BF3299A0075BA50 /* Assets.xcassets in Resources */ = {isa = PBXBuildFile; fileRef = F410EB982BF3299A0075BA50 /* Assets.xcassets */; };
		F410EB9C2BF3299A0075BA50 /* LaunchScreen.storyboard in Resources */ = {isa = PBXBuildFile; fileRef = F410EB9A2BF3299A0075BA50 /* LaunchScreen.storyboard */; };
		F410EBA92BF32BC20075BA50 /* NetworkManager.swift in Sources */ = {isa = PBXBuildFile; fileRef = F410EBA82BF32BC20075BA50 /* NetworkManager.swift */; };
		F410EBB52BF343560075BA50 /* UIFont+Ext.swift in Sources */ = {isa = PBXBuildFile; fileRef = F410EBB42BF343560075BA50 /* UIFont+Ext.swift */; };
		F410EBBD2BF34F790075BA50 /* SDWebImage in Frameworks */ = {isa = PBXBuildFile; productRef = F410EBBC2BF34F790075BA50 /* SDWebImage */; };
		F410EBBF2BF34F790075BA50 /* SDWebImageMapKit in Frameworks */ = {isa = PBXBuildFile; productRef = F410EBBE2BF34F790075BA50 /* SDWebImageMapKit */; };
		F410EBC32BF39C3E0075BA50 /* ListViewCell.swift in Sources */ = {isa = PBXBuildFile; fileRef = F410EBC22BF39C3E0075BA50 /* ListViewCell.swift */; };
		F410EBF22BF3C3D70075BA50 /* SearchBarWhite.swift in Sources */ = {isa = PBXBuildFile; fileRef = F410EBF12BF3C3D70075BA50 /* SearchBarWhite.swift */; };
		F410EBFC2BF5DDB80075BA50 /* BlockCell.swift in Sources */ = {isa = PBXBuildFile; fileRef = F410EBFB2BF5DDB80075BA50 /* BlockCell.swift */; };
		F410EC002BF72F620075BA50 /* TestIntroViewController.swift in Sources */ = {isa = PBXBuildFile; fileRef = F410EBFF2BF72F620075BA50 /* TestIntroViewController.swift */; };
		F46CE3052BFDE1110089E73B /* PushNotificationHelper.swift in Sources */ = {isa = PBXBuildFile; fileRef = F46CE3042BFDE1110089E73B /* PushNotificationHelper.swift */; };
		F4ECA7672BFDDCA800CD24E6 /* PlayingListView.swift in Sources */ = {isa = PBXBuildFile; fileRef = F4ECA7662BFDDCA800CD24E6 /* PlayingListView.swift */; };
		F4ECA7692BFDDCBF00CD24E6 /* PlayingListViewCell.swift in Sources */ = {isa = PBXBuildFile; fileRef = F4ECA7682BFDDCBF00CD24E6 /* PlayingListViewCell.swift */; };
/* End PBXBuildFile section */

/* Begin PBXFileReference section */
		2A1165FA2BFB1B67000F61B0 /* AddWordBookVC.swift */ = {isa = PBXFileReference; lastKnownFileType = sourcecode.swift; path = AddWordBookVC.swift; sourceTree = "<group>"; };
		2A1165FC2BFB20B9000F61B0 /* UIColor+Ext.swift */ = {isa = PBXFileReference; lastKnownFileType = sourcecode.swift; path = "UIColor+Ext.swift"; sourceTree = "<group>"; };
		2A1165FE2BFB2175000F61B0 /* RadioButton.swift */ = {isa = PBXFileReference; lastKnownFileType = sourcecode.swift; path = RadioButton.swift; sourceTree = "<group>"; };
		2A1166002BFB723D000F61B0 /* WordbookCell.swift */ = {isa = PBXFileReference; lastKnownFileType = sourcecode.swift; path = WordbookCell.swift; sourceTree = "<group>"; };
		2A511B142BF5FCFB00CDA177 /* User.swift */ = {isa = PBXFileReference; lastKnownFileType = sourcecode.swift; path = User.swift; sourceTree = "<group>"; };
		2A511B162BF618B500CDA177 /* WordWideWeb.entitlements */ = {isa = PBXFileReference; lastKnownFileType = text.plist.entitlements; name = WordWideWeb.entitlements; path = WordWideWeb/WordWideWeb.entitlements; sourceTree = "<group>"; };
		2A511B172BF61A2D00CDA177 /* GoogleService-Info.plist */ = {isa = PBXFileReference; fileEncoding = 4; lastKnownFileType = text.plist.xml; path = "GoogleService-Info.plist"; sourceTree = "<group>"; };
		2A511B192BF625D400CDA177 /* SignInAppleHelper.swift */ = {isa = PBXFileReference; lastKnownFileType = sourcecode.swift; path = SignInAppleHelper.swift; sourceTree = "<group>"; };
		2A67F8F82BF755870075465D /* Pretendard-ExtraLight.otf */ = {isa = PBXFileReference; lastKnownFileType = file; path = "Pretendard-ExtraLight.otf"; sourceTree = "<group>"; };
		2A67F8FB2BF755870075465D /* Pretendard-ExtraBold.otf */ = {isa = PBXFileReference; lastKnownFileType = file; path = "Pretendard-ExtraBold.otf"; sourceTree = "<group>"; };
		2A67F8FD2BF755870075465D /* Pretendard-SemiBold.otf */ = {isa = PBXFileReference; lastKnownFileType = file; path = "Pretendard-SemiBold.otf"; sourceTree = "<group>"; };
		2A67F8FF2BF755870075465D /* Pretendard-Regular.otf */ = {isa = PBXFileReference; lastKnownFileType = file; path = "Pretendard-Regular.otf"; sourceTree = "<group>"; };
		2A67F9012BF75BEB0075465D /* APIKey.xcconfig */ = {isa = PBXFileReference; lastKnownFileType = text.xcconfig; name = APIKey.xcconfig; path = ../APIKey.xcconfig; sourceTree = "<group>"; };
		2A67F9022BF7675D0075465D /* FirestoreManager.swift */ = {isa = PBXFileReference; lastKnownFileType = sourcecode.swift; path = FirestoreManager.swift; sourceTree = "<group>"; };
		2A67F9042BF772B40075465D /* FriendCell.swift */ = {isa = PBXFileReference; lastKnownFileType = sourcecode.swift; path = FriendCell.swift; sourceTree = "<group>"; };
		2A67F9062BF772D80075465D /* SearchFriendsVC.swift */ = {isa = PBXFileReference; lastKnownFileType = sourcecode.swift; path = SearchFriendsVC.swift; sourceTree = "<group>"; };
		2A6C0CEC2BF911840035B405 /* ProfileVC.swift */ = {isa = PBXFileReference; lastKnownFileType = sourcecode.swift; path = ProfileVC.swift; sourceTree = "<group>"; };
		2A6C0CEE2BF9415D0035B405 /* NotificationExtensions.swift */ = {isa = PBXFileReference; lastKnownFileType = sourcecode.swift; path = NotificationExtensions.swift; sourceTree = "<group>"; };
		2A6C0CF02BF998670035B405 /* ProfileViewModel.swift */ = {isa = PBXFileReference; lastKnownFileType = sourcecode.swift; path = ProfileViewModel.swift; sourceTree = "<group>"; };
		2A8447102BF3590300AE319A /* Formatter.swift */ = {isa = PBXFileReference; fileEncoding = 4; lastKnownFileType = sourcecode.swift; path = Formatter.swift; sourceTree = "<group>"; };
		2A8447112BF3590300AE319A /* Numeric.swift */ = {isa = PBXFileReference; fileEncoding = 4; lastKnownFileType = sourcecode.swift; path = Numeric.swift; sourceTree = "<group>"; };
		2A8447312BF36B3800AE319A /* AuthenticationVC.swift */ = {isa = PBXFileReference; lastKnownFileType = sourcecode.swift; path = AuthenticationVC.swift; sourceTree = "<group>"; };
		2A8447332BF36B9400AE319A /* SignUpVC.swift */ = {isa = PBXFileReference; lastKnownFileType = sourcecode.swift; path = SignUpVC.swift; sourceTree = "<group>"; };
		2A8447352BF36BD600AE319A /* AuthenticationManager.swift */ = {isa = PBXFileReference; lastKnownFileType = sourcecode.swift; path = AuthenticationManager.swift; sourceTree = "<group>"; };
		2A8447372BF3850C00AE319A /* SignInVC.swift */ = {isa = PBXFileReference; lastKnownFileType = sourcecode.swift; path = SignInVC.swift; sourceTree = "<group>"; };
		2AA413D52BF3D14100C34FEB /* SignInGoogleHelper.swift */ = {isa = PBXFileReference; fileEncoding = 4; lastKnownFileType = sourcecode.swift; path = SignInGoogleHelper.swift; sourceTree = "<group>"; };
		2AA413DC2BF3D1D400C34FEB /* Utilities.swift */ = {isa = PBXFileReference; fileEncoding = 4; lastKnownFileType = sourcecode.swift; path = Utilities.swift; sourceTree = "<group>"; };
		9C1F0F892BF5E02E002D680D /* PlayingListVC.swift */ = {isa = PBXFileReference; lastKnownFileType = sourcecode.swift; path = PlayingListVC.swift; sourceTree = "<group>"; };
		9C1F0F8B2BF5E0BC002D680D /* MyInfoVC.swift */ = {isa = PBXFileReference; lastKnownFileType = sourcecode.swift; path = MyInfoVC.swift; sourceTree = "<group>"; };
		9C1F0F992BF6F3F5002D680D /* RemoteDictionary.swift */ = {isa = PBXFileReference; lastKnownFileType = sourcecode.swift; path = RemoteDictionary.swift; sourceTree = "<group>"; };
		9C1F0F9B2BF6F4E8002D680D /* DictionaryVC.swift */ = {isa = PBXFileReference; lastKnownFileType = sourcecode.swift; path = DictionaryVC.swift; sourceTree = "<group>"; };
		9C1F0F9D2BF732EB002D680D /* InvitingVC.swift */ = {isa = PBXFileReference; lastKnownFileType = sourcecode.swift; path = InvitingVC.swift; sourceTree = "<group>"; };
		9C1F0F9F2BF7332F002D680D /* MyPageVC.swift */ = {isa = PBXFileReference; lastKnownFileType = sourcecode.swift; path = MyPageVC.swift; sourceTree = "<group>"; };
		9C1F0FA12BF76BE1002D680D /* DictionaryTableViewCell.swift */ = {isa = PBXFileReference; lastKnownFileType = sourcecode.swift; path = DictionaryTableViewCell.swift; sourceTree = "<group>"; };
		9C1F0FA32BF78C4A002D680D /* TabBarController.swift */ = {isa = PBXFileReference; lastKnownFileType = sourcecode.swift; path = TabBarController.swift; sourceTree = "<group>"; };
		9C1F0FB72BFB9332002D680D /* TestFriendViewCell.swift */ = {isa = PBXFileReference; lastKnownFileType = sourcecode.swift; path = TestFriendViewCell.swift; sourceTree = "<group>"; };
		9C1F0FB92BFB939E002D680D /* TestResultView.swift */ = {isa = PBXFileReference; lastKnownFileType = sourcecode.swift; path = TestResultView.swift; sourceTree = "<group>"; };
		9C1F0FBB2BFB93C5002D680D /* TestView.swift */ = {isa = PBXFileReference; lastKnownFileType = sourcecode.swift; path = TestView.swift; sourceTree = "<group>"; };
		9C1F0FBD2BFB9479002D680D /* TestIntroView.swift */ = {isa = PBXFileReference; lastKnownFileType = sourcecode.swift; path = TestIntroView.swift; sourceTree = "<group>"; };
		9C1F0FBF2BFB94BA002D680D /* TestResultViewController.swift */ = {isa = PBXFileReference; lastKnownFileType = sourcecode.swift; path = TestResultViewController.swift; sourceTree = "<group>"; };
		9C1F0FC12BFB94EE002D680D /* TestViewController.swift */ = {isa = PBXFileReference; lastKnownFileType = sourcecode.swift; path = TestViewController.swift; sourceTree = "<group>"; };
		9C1F0FC32BFBA98C002D680D /* MyPage.swift */ = {isa = PBXFileReference; lastKnownFileType = sourcecode.swift; path = MyPage.swift; sourceTree = "<group>"; };
		9C1F0FC52BFBA9E6002D680D /* CarouselLayout.swift */ = {isa = PBXFileReference; lastKnownFileType = sourcecode.swift; path = CarouselLayout.swift; sourceTree = "<group>"; };
		9C1F0FC92BFBAAB4002D680D /* CollectionView+Ext.swift */ = {isa = PBXFileReference; lastKnownFileType = sourcecode.swift; path = "CollectionView+Ext.swift"; sourceTree = "<group>"; };
		9C1F0FCD2BFBABE5002D680D /* MyPageWordViewController.swift */ = {isa = PBXFileReference; lastKnownFileType = sourcecode.swift; path = MyPageWordViewController.swift; sourceTree = "<group>"; };
		9C1F0FCF2BFBAC25002D680D /* MyPageModalViewController.swift */ = {isa = PBXFileReference; lastKnownFileType = sourcecode.swift; path = MyPageModalViewController.swift; sourceTree = "<group>"; };
		9C1F0FD12BFBAC5F002D680D /* MyPageCollectionViewCell.swift */ = {isa = PBXFileReference; lastKnownFileType = sourcecode.swift; path = MyPageCollectionViewCell.swift; sourceTree = "<group>"; };
		9C1F0FD32BFBAC93002D680D /* EmptyCollectionViewCell.swift */ = {isa = PBXFileReference; lastKnownFileType = sourcecode.swift; path = EmptyCollectionViewCell.swift; sourceTree = "<group>"; };
		9C1F0FD52BFBAD52002D680D /* LabelFactory.swift */ = {isa = PBXFileReference; lastKnownFileType = sourcecode.swift; path = LabelFactory.swift; sourceTree = "<group>"; };
		9C1F0FD72BFBAD75002D680D /* ImageFactory.swift */ = {isa = PBXFileReference; lastKnownFileType = sourcecode.swift; path = ImageFactory.swift; sourceTree = "<group>"; };
		9C1F0FDB2BFC66D1002D680D /* InvitationData.swift */ = {isa = PBXFileReference; lastKnownFileType = sourcecode.swift; path = InvitationData.swift; sourceTree = "<group>"; };
		9C1F0FDD2BFCB33F002D680D /* DefaultTableViewCell.swift */ = {isa = PBXFileReference; lastKnownFileType = sourcecode.swift; path = DefaultTableViewCell.swift; sourceTree = "<group>"; };
		9C1F0FDF2BFCB351002D680D /* ExpandableTableViewCell.swift */ = {isa = PBXFileReference; lastKnownFileType = sourcecode.swift; path = ExpandableTableViewCell.swift; sourceTree = "<group>"; };
		9C1F0FE12BFDCEC4002D680D /* InvitedFriendCell.swift */ = {isa = PBXFileReference; lastKnownFileType = sourcecode.swift; path = InvitedFriendCell.swift; sourceTree = "<group>"; };
		F410EB8C2BF329980075BA50 /* WordWideWeb.app */ = {isa = PBXFileReference; explicitFileType = wrapper.application; includeInIndex = 0; path = WordWideWeb.app; sourceTree = BUILT_PRODUCTS_DIR; };
		F410EB8F2BF329980075BA50 /* AppDelegate.swift */ = {isa = PBXFileReference; lastKnownFileType = sourcecode.swift; path = AppDelegate.swift; sourceTree = "<group>"; };
		F410EB912BF329980075BA50 /* SceneDelegate.swift */ = {isa = PBXFileReference; lastKnownFileType = sourcecode.swift; path = SceneDelegate.swift; sourceTree = "<group>"; };
		F410EB932BF329980075BA50 /* ViewController.swift */ = {isa = PBXFileReference; lastKnownFileType = sourcecode.swift; path = ViewController.swift; sourceTree = "<group>"; };
		F410EB962BF329980075BA50 /* Base */ = {isa = PBXFileReference; lastKnownFileType = file.storyboard; name = Base; path = Base.lproj/Main.storyboard; sourceTree = "<group>"; };
		F410EB982BF3299A0075BA50 /* Assets.xcassets */ = {isa = PBXFileReference; lastKnownFileType = folder.assetcatalog; path = Assets.xcassets; sourceTree = "<group>"; };
		F410EB9B2BF3299A0075BA50 /* Base */ = {isa = PBXFileReference; lastKnownFileType = file.storyboard; name = Base; path = Base.lproj/LaunchScreen.storyboard; sourceTree = "<group>"; };
		F410EB9D2BF3299A0075BA50 /* Info.plist */ = {isa = PBXFileReference; lastKnownFileType = text.plist.xml; path = Info.plist; sourceTree = "<group>"; };
		F410EBA82BF32BC20075BA50 /* NetworkManager.swift */ = {isa = PBXFileReference; lastKnownFileType = sourcecode.swift; path = NetworkManager.swift; sourceTree = "<group>"; };
		F410EBB42BF343560075BA50 /* UIFont+Ext.swift */ = {isa = PBXFileReference; lastKnownFileType = sourcecode.swift; path = "UIFont+Ext.swift"; sourceTree = "<group>"; };
		F410EBC22BF39C3E0075BA50 /* ListViewCell.swift */ = {isa = PBXFileReference; lastKnownFileType = sourcecode.swift; path = ListViewCell.swift; sourceTree = "<group>"; };
		F410EBF12BF3C3D70075BA50 /* SearchBarWhite.swift */ = {isa = PBXFileReference; lastKnownFileType = sourcecode.swift; path = SearchBarWhite.swift; sourceTree = "<group>"; };
		F410EBFB2BF5DDB80075BA50 /* BlockCell.swift */ = {isa = PBXFileReference; lastKnownFileType = sourcecode.swift; path = BlockCell.swift; sourceTree = "<group>"; };
		F410EBFF2BF72F620075BA50 /* TestIntroViewController.swift */ = {isa = PBXFileReference; lastKnownFileType = sourcecode.swift; path = TestIntroViewController.swift; sourceTree = "<group>"; };
		F46CE3042BFDE1110089E73B /* PushNotificationHelper.swift */ = {isa = PBXFileReference; lastKnownFileType = sourcecode.swift; path = PushNotificationHelper.swift; sourceTree = "<group>"; };
		F4ECA7662BFDDCA800CD24E6 /* PlayingListView.swift */ = {isa = PBXFileReference; lastKnownFileType = sourcecode.swift; path = PlayingListView.swift; sourceTree = "<group>"; };
		F4ECA7682BFDDCBF00CD24E6 /* PlayingListViewCell.swift */ = {isa = PBXFileReference; lastKnownFileType = sourcecode.swift; path = PlayingListViewCell.swift; sourceTree = "<group>"; };
/* End PBXFileReference section */

/* Begin PBXFrameworksBuildPhase section */
		F410EB892BF329980075BA50 /* Frameworks */ = {
			isa = PBXFrameworksBuildPhase;
			buildActionMask = 2147483647;
			files = (
				9C1F0FE52BFDD6F8002D680D /* SnapKit in Frameworks */,
				2A8447232BF3631100AE319A /* FirebaseDatabaseSwift in Frameworks */,
				2AA413D92BF3D17100C34FEB /* GoogleSignIn in Frameworks */,
				2A84471B2BF3631100AE319A /* FirebaseAnalyticsSwift in Frameworks */,
				F410EBBD2BF34F790075BA50 /* SDWebImage in Frameworks */,
				F410EBBF2BF34F790075BA50 /* SDWebImageMapKit in Frameworks */,
				2A8447192BF3631100AE319A /* FirebaseAnalytics in Frameworks */,
				2A84471D2BF3631100AE319A /* FirebaseAuth in Frameworks */,
				2A84472D2BF3631100AE319A /* FirebaseStorageCombine-Community in Frameworks */,
				2AA413DB2BF3D17100C34FEB /* GoogleSignInSwift in Frameworks */,
				2A8447292BF3631100AE319A /* FirebaseFirestoreSwift in Frameworks */,
				2A8447212BF3631100AE319A /* FirebaseDatabase in Frameworks */,
				2A8447272BF3631100AE319A /* FirebaseFirestoreCombine-Community in Frameworks */,
				2A84472B2BF3631100AE319A /* FirebaseStorage in Frameworks */,
				2A8447252BF3631100AE319A /* FirebaseFirestore in Frameworks */,
				2A84471F2BF3631100AE319A /* FirebaseAuthCombine-Community in Frameworks */,
			);
			runOnlyForDeploymentPostprocessing = 0;
		};
/* End PBXFrameworksBuildPhase section */

/* Begin PBXGroup section */
		2A84472E2BF3694000AE319A /* Frameworks */ = {
			isa = PBXGroup;
			children = (
			);
			name = Frameworks;
			sourceTree = "<group>";
		};
		2A84472F2BF36B0300AE319A /* mgynsz */ = {
			isa = PBXGroup;
			children = (
				2A8447302BF36B0D00AE319A /* Authentication */,
			);
			path = mgynsz;
			sourceTree = "<group>";
		};
		2A8447302BF36B0D00AE319A /* Authentication */ = {
			isa = PBXGroup;
			children = (
				2A8447312BF36B3800AE319A /* AuthenticationVC.swift */,
				2A511B192BF625D400CDA177 /* SignInAppleHelper.swift */,
				2A8447332BF36B9400AE319A /* SignUpVC.swift */,
				2A8447372BF3850C00AE319A /* SignInVC.swift */,
				2A8447352BF36BD600AE319A /* AuthenticationManager.swift */,
				2A67F9022BF7675D0075465D /* FirestoreManager.swift */,
				2AA413D52BF3D14100C34FEB /* SignInGoogleHelper.swift */,
				2A511B142BF5FCFB00CDA177 /* User.swift */,
				2A67F9042BF772B40075465D /* FriendCell.swift */,
				2A67F9062BF772D80075465D /* SearchFriendsVC.swift */,
				2AA413DC2BF3D1D400C34FEB /* Utilities.swift */,
			);
			path = Authentication;
			sourceTree = "<group>";
		};
		9C1F0FE62BFDD6F8002D680D /* Recovered References */ = {
			isa = PBXGroup;
			children = (
			);
			name = "Recovered References";
			sourceTree = "<group>";
		};
		F410EB832BF329980075BA50 = {
			isa = PBXGroup;
			children = (
				2A67F9012BF75BEB0075465D /* APIKey.xcconfig */,
				2A511B162BF618B500CDA177 /* WordWideWeb.entitlements */,
				F410EB8E2BF329980075BA50 /* WorldWordWeb */,
				F410EB8D2BF329980075BA50 /* Products */,
				2A84472E2BF3694000AE319A /* Frameworks */,
				9C1F0FE62BFDD6F8002D680D /* Recovered References */,
			);
			sourceTree = "<group>";
		};
		F410EB8D2BF329980075BA50 /* Products */ = {
			isa = PBXGroup;
			children = (
				F410EB8C2BF329980075BA50 /* WordWideWeb.app */,
			);
			name = Products;
			sourceTree = "<group>";
		};
		F410EB8E2BF329980075BA50 /* WorldWordWeb */ = {
			isa = PBXGroup;
			children = (
				2A84472F2BF36B0300AE319A /* mgynsz */,
				F410EBA52BF329D60075BA50 /* Model */,
				F410EBA32BF329BE0075BA50 /* View */,
				F410EBA42BF329C80075BA50 /* Controller */,
				F410EBA72BF32B800075BA50 /* Component */,
				F410EB8F2BF329980075BA50 /* AppDelegate.swift */,
				F410EB912BF329980075BA50 /* SceneDelegate.swift */,
				F410EB932BF329980075BA50 /* ViewController.swift */,
				F410EB952BF329980075BA50 /* Main.storyboard */,
				F410EB9A2BF3299A0075BA50 /* LaunchScreen.storyboard */,
				F410EB982BF3299A0075BA50 /* Assets.xcassets */,
				F410EB9D2BF3299A0075BA50 /* Info.plist */,
				2A511B172BF61A2D00CDA177 /* GoogleService-Info.plist */,
				F410EBA62BF329DD0075BA50 /* Extension */,
				F410EBAC2BF33F3A0075BA50 /* Font */,
			);
			name = WorldWordWeb;
			path = WordWideWeb;
			sourceTree = "<group>";
		};
		F410EBA32BF329BE0075BA50 /* View */ = {
			isa = PBXGroup;
			children = (
				9C1F0FA12BF76BE1002D680D /* DictionaryTableViewCell.swift */,
				9C1F0FB72BFB9332002D680D /* TestFriendViewCell.swift */,
				9C1F0FB92BFB939E002D680D /* TestResultView.swift */,
				9C1F0FBB2BFB93C5002D680D /* TestView.swift */,
				9C1F0FBD2BFB9479002D680D /* TestIntroView.swift */,
				9C1F0FC52BFBA9E6002D680D /* CarouselLayout.swift */,
				9C1F0FDD2BFCB33F002D680D /* DefaultTableViewCell.swift */,
				9C1F0FDF2BFCB351002D680D /* ExpandableTableViewCell.swift */,
				9C1F0FE12BFDCEC4002D680D /* InvitedFriendCell.swift */,
				2A1166002BFB723D000F61B0 /* WordbookCell.swift */,
				F4ECA7662BFDDCA800CD24E6 /* PlayingListView.swift */,
				F4ECA7682BFDDCBF00CD24E6 /* PlayingListViewCell.swift */,

			);
			path = View;
			sourceTree = "<group>";
		};
		F410EBA42BF329C80075BA50 /* Controller */ = {
			isa = PBXGroup;
			children = (
				9C1F0FA32BF78C4A002D680D /* TabBarController.swift */,
				9C1F0F9F2BF7332F002D680D /* MyPageVC.swift */,
				9C1F0FD12BFBAC5F002D680D /* MyPageCollectionViewCell.swift */,
				9C1F0FCD2BFBABE5002D680D /* MyPageWordViewController.swift */,
				9C1F0FCF2BFBAC25002D680D /* MyPageModalViewController.swift */,
				9C1F0F892BF5E02E002D680D /* PlayingListVC.swift */,
				9C1F0F9B2BF6F4E8002D680D /* DictionaryVC.swift */,
				9C1F0F9D2BF732EB002D680D /* InvitingVC.swift */,
				9C1F0F8B2BF5E0BC002D680D /* MyInfoVC.swift */,
				2A1165FA2BFB1B67000F61B0 /* AddWordBookVC.swift */,
				2A6C0CEC2BF911840035B405 /* ProfileVC.swift */,
				2A6C0CF02BF998670035B405 /* ProfileViewModel.swift */,
				F410EBFF2BF72F620075BA50 /* TestIntroViewController.swift */,
				9C1F0FBF2BFB94BA002D680D /* TestResultViewController.swift */,
				9C1F0FC12BFB94EE002D680D /* TestViewController.swift */,
				9C1F0FD32BFBAC93002D680D /* EmptyCollectionViewCell.swift */,
				F46CE3042BFDE1110089E73B /* PushNotificationHelper.swift */,
			);
			path = Controller;
			sourceTree = "<group>";
		};
		F410EBA52BF329D60075BA50 /* Model */ = {
			isa = PBXGroup;
			children = (
				F410EBA82BF32BC20075BA50 /* NetworkManager.swift */,
				9C1F0F992BF6F3F5002D680D /* RemoteDictionary.swift */,
				9C1F0FC32BFBA98C002D680D /* MyPage.swift */,
				9C1F0FDB2BFC66D1002D680D /* InvitationData.swift */,
			);
			path = Model;
			sourceTree = "<group>";
		};
		F410EBA62BF329DD0075BA50 /* Extension */ = {
			isa = PBXGroup;
			children = (
				F410EBB42BF343560075BA50 /* UIFont+Ext.swift */,
				2A1165FC2BFB20B9000F61B0 /* UIColor+Ext.swift */,
				2A6C0CEE2BF9415D0035B405 /* NotificationExtensions.swift */,
				2A8447102BF3590300AE319A /* Formatter.swift */,
				2A8447112BF3590300AE319A /* Numeric.swift */,
				9C1F0FC92BFBAAB4002D680D /* CollectionView+Ext.swift */,
			);
			path = Extension;
			sourceTree = "<group>";
		};
		F410EBA72BF32B800075BA50 /* Component */ = {
			isa = PBXGroup;
			children = (
				2A1165FE2BFB2175000F61B0 /* RadioButton.swift */,
				F410EBC22BF39C3E0075BA50 /* ListViewCell.swift */,
				F410EBF12BF3C3D70075BA50 /* SearchBarWhite.swift */,
				F410EBFB2BF5DDB80075BA50 /* BlockCell.swift */,
				9C1F0FD52BFBAD52002D680D /* LabelFactory.swift */,
				9C1F0FD72BFBAD75002D680D /* ImageFactory.swift */,
			);
			path = Component;
			sourceTree = "<group>";
		};
		F410EBAC2BF33F3A0075BA50 /* Font */ = {
			isa = PBXGroup;
			children = (
				2A67F8FB2BF755870075465D /* Pretendard-ExtraBold.otf */,
				2A67F8F82BF755870075465D /* Pretendard-ExtraLight.otf */,
				2A67F8FF2BF755870075465D /* Pretendard-Regular.otf */,
				2A67F8FD2BF755870075465D /* Pretendard-SemiBold.otf */,
			);
			path = Font;
			sourceTree = "<group>";
		};
/* End PBXGroup section */

/* Begin PBXNativeTarget section */
		F410EB8B2BF329980075BA50 /* WordWideWeb */ = {
			isa = PBXNativeTarget;
			buildConfigurationList = F410EBA02BF3299A0075BA50 /* Build configuration list for PBXNativeTarget "WordWideWeb" */;
			buildPhases = (
				F410EB882BF329980075BA50 /* Sources */,
				F410EB892BF329980075BA50 /* Frameworks */,
				F410EB8A2BF329980075BA50 /* Resources */,
			);
			buildRules = (
			);
			dependencies = (
			);
			name = WordWideWeb;
			packageProductDependencies = (
				F410EBBC2BF34F790075BA50 /* SDWebImage */,
				F410EBBE2BF34F790075BA50 /* SDWebImageMapKit */,
				2A8447182BF3631100AE319A /* FirebaseAnalytics */,
				2A84471A2BF3631100AE319A /* FirebaseAnalyticsSwift */,
				2A84471C2BF3631100AE319A /* FirebaseAuth */,
				2A84471E2BF3631100AE319A /* FirebaseAuthCombine-Community */,
				2A8447202BF3631100AE319A /* FirebaseDatabase */,
				2A8447222BF3631100AE319A /* FirebaseDatabaseSwift */,
				2A8447242BF3631100AE319A /* FirebaseFirestore */,
				2A8447262BF3631100AE319A /* FirebaseFirestoreCombine-Community */,
				2A8447282BF3631100AE319A /* FirebaseFirestoreSwift */,
				2A84472A2BF3631100AE319A /* FirebaseStorage */,
				2A84472C2BF3631100AE319A /* FirebaseStorageCombine-Community */,
				2AA413D82BF3D17100C34FEB /* GoogleSignIn */,
				2AA413DA2BF3D17100C34FEB /* GoogleSignInSwift */,
				B9F7CEA52BFC27DC00DEF732 /* SnapKit */,
			);
			productName = WorldWordWeb;
			productReference = F410EB8C2BF329980075BA50 /* WordWideWeb.app */;
			productType = "com.apple.product-type.application";
		};
/* End PBXNativeTarget section */

/* Begin PBXProject section */
		F410EB842BF329980075BA50 /* Project object */ = {
			isa = PBXProject;
			attributes = {
				BuildIndependentTargetsInParallel = 1;
				LastSwiftUpdateCheck = 1500;
				LastUpgradeCheck = 1500;
				TargetAttributes = {
					F410EB8B2BF329980075BA50 = {
						CreatedOnToolsVersion = 15.0;
					};
				};
			};
			buildConfigurationList = F410EB872BF329980075BA50 /* Build configuration list for PBXProject "WordWideWeb" */;
			compatibilityVersion = "Xcode 14.0";
			developmentRegion = en;
			hasScannedForEncodings = 0;
			knownRegions = (
				en,
				Base,
			);
			mainGroup = F410EB832BF329980075BA50;
			packageReferences = (
				F410EBBB2BF34F790075BA50 /* XCRemoteSwiftPackageReference "SDWebImage" */,
				2A8447172BF3631100AE319A /* XCRemoteSwiftPackageReference "firebase-ios-sdk" */,
				2AA413D72BF3D17100C34FEB /* XCRemoteSwiftPackageReference "GoogleSignIn-iOS" */,
				B9F7CEA42BFC27DC00DEF732 /* XCRemoteSwiftPackageReference "SnapKit" */,
			);
			productRefGroup = F410EB8D2BF329980075BA50 /* Products */;
			projectDirPath = "";
			projectRoot = "";
			targets = (
				F410EB8B2BF329980075BA50 /* WordWideWeb */,
			);
		};
/* End PBXProject section */

/* Begin PBXResourcesBuildPhase section */
		F410EB8A2BF329980075BA50 /* Resources */ = {
			isa = PBXResourcesBuildPhase;
			buildActionMask = 2147483647;
			files = (
				F410EB9C2BF3299A0075BA50 /* LaunchScreen.storyboard in Resources */,
				F410EB992BF3299A0075BA50 /* Assets.xcassets in Resources */,
				F410EB972BF329980075BA50 /* Main.storyboard in Resources */,
				2A511B182BF61A2D00CDA177 /* GoogleService-Info.plist in Resources */,
			);
			runOnlyForDeploymentPostprocessing = 0;
		};
/* End PBXResourcesBuildPhase section */

/* Begin PBXSourcesBuildPhase section */
		F410EB882BF329980075BA50 /* Sources */ = {
			isa = PBXSourcesBuildPhase;
			buildActionMask = 2147483647;
			files = (
				9C1F0F9C2BF6F4E8002D680D /* DictionaryVC.swift in Sources */,
				9C1F0FA02BF7332F002D680D /* MyPageVC.swift in Sources */,
				9C1F0FD62BFBAD52002D680D /* LabelFactory.swift in Sources */,
				9C1F0FD02BFBAC25002D680D /* MyPageModalViewController.swift in Sources */,
				9C1F0FD82BFBAD75002D680D /* ImageFactory.swift in Sources */,
				9C1F0F8A2BF5E02E002D680D /* PlayingListVC.swift in Sources */,
				9C1F0FBC2BFB93C5002D680D /* TestView.swift in Sources */,
				9C1F0FC02BFB94BA002D680D /* TestResultViewController.swift in Sources */,
				2A8447132BF3590300AE319A /* Formatter.swift in Sources */,
				2A67F9052BF772B40075465D /* FriendCell.swift in Sources */,
				2A8447342BF36B9400AE319A /* SignUpVC.swift in Sources */,
				F410EBA92BF32BC20075BA50 /* NetworkManager.swift in Sources */,
				2A6C0CEF2BF9415D0035B405 /* NotificationExtensions.swift in Sources */,
				9C1F0FBE2BFB9479002D680D /* TestIntroView.swift in Sources */,
				9C1F0FD42BFBAC93002D680D /* EmptyCollectionViewCell.swift in Sources */,
				F4ECA7672BFDDCA800CD24E6 /* PlayingListView.swift in Sources */,
				F410EBF22BF3C3D70075BA50 /* SearchBarWhite.swift in Sources */,
				9C1F0FDC2BFC66D1002D680D /* InvitationData.swift in Sources */,
				2A6C0CED2BF911840035B405 /* ProfileVC.swift in Sources */,
				9C1F0FD22BFBAC5F002D680D /* MyPageCollectionViewCell.swift in Sources */,
				9C1F0FB82BFB9332002D680D /* TestFriendViewCell.swift in Sources */,
				9C1F0FA22BF76BE1002D680D /* DictionaryTableViewCell.swift in Sources */,
				2A8447362BF36BD600AE319A /* AuthenticationManager.swift in Sources */,
				2AA413DD2BF3D1D400C34FEB /* Utilities.swift in Sources */,
				2A67F9072BF772D80075465D /* SearchFriendsVC.swift in Sources */,
				2AA413D62BF3D14100C34FEB /* SignInGoogleHelper.swift in Sources */,
				F46CE3052BFDE1110089E73B /* PushNotificationHelper.swift in Sources */,
				2A8447382BF3850C00AE319A /* SignInVC.swift in Sources */,
				2A8447322BF36B3800AE319A /* AuthenticationVC.swift in Sources */,
				F4ECA7692BFDDCBF00CD24E6 /* PlayingListViewCell.swift in Sources */,
				9C1F0FCA2BFBAAB4002D680D /* CollectionView+Ext.swift in Sources */,
				2A511B1A2BF625D400CDA177 /* SignInAppleHelper.swift in Sources */,
				2A67F9032BF7675D0075465D /* FirestoreManager.swift in Sources */,
				9C1F0FC22BFB94EE002D680D /* TestViewController.swift in Sources */,
				2A1165FB2BFB1B67000F61B0 /* AddWordBookVC.swift in Sources */,
				F410EB942BF329980075BA50 /* ViewController.swift in Sources */,
				F410EB902BF329980075BA50 /* AppDelegate.swift in Sources */,
				9C1F0F9A2BF6F3F5002D680D /* RemoteDictionary.swift in Sources */,
				9C1F0FCE2BFBABE5002D680D /* MyPageWordViewController.swift in Sources */,
				9C1F0FC62BFBA9E6002D680D /* CarouselLayout.swift in Sources */,
				F410EBC32BF39C3E0075BA50 /* ListViewCell.swift in Sources */,
				F410EC002BF72F620075BA50 /* TestIntroViewController.swift in Sources */,
				2A1166012BFB723D000F61B0 /* WordbookCell.swift in Sources */,
				2A8447142BF3590300AE319A /* Numeric.swift in Sources */,
				9C1F0FE22BFDCEC4002D680D /* InvitedFriendCell.swift in Sources */,
				9C1F0F9E2BF732EB002D680D /* InvitingVC.swift in Sources */,
				9C1F0FA42BF78C4A002D680D /* TabBarController.swift in Sources */,
				9C1F0FC42BFBA98C002D680D /* MyPage.swift in Sources */,
				9C1F0FDE2BFCB33F002D680D /* DefaultTableViewCell.swift in Sources */,
				F410EB922BF329980075BA50 /* SceneDelegate.swift in Sources */,
				9C1F0F8C2BF5E0BC002D680D /* MyInfoVC.swift in Sources */,
				2A6C0CF12BF998670035B405 /* ProfileViewModel.swift in Sources */,
				9C1F0FBA2BFB939E002D680D /* TestResultView.swift in Sources */,
				9C1F0FE02BFCB351002D680D /* ExpandableTableViewCell.swift in Sources */,
				2A511B152BF5FCFB00CDA177 /* User.swift in Sources */,
				2A1165FF2BFB2175000F61B0 /* RadioButton.swift in Sources */,
				2A1165FD2BFB20B9000F61B0 /* UIColor+Ext.swift in Sources */,
				F410EBB52BF343560075BA50 /* UIFont+Ext.swift in Sources */,
				F410EBFC2BF5DDB80075BA50 /* BlockCell.swift in Sources */,
			);
			runOnlyForDeploymentPostprocessing = 0;
		};
/* End PBXSourcesBuildPhase section */

/* Begin PBXVariantGroup section */
		F410EB952BF329980075BA50 /* Main.storyboard */ = {
			isa = PBXVariantGroup;
			children = (
				F410EB962BF329980075BA50 /* Base */,
			);
			name = Main.storyboard;
			sourceTree = "<group>";
		};
		F410EB9A2BF3299A0075BA50 /* LaunchScreen.storyboard */ = {
			isa = PBXVariantGroup;
			children = (
				F410EB9B2BF3299A0075BA50 /* Base */,
			);
			name = LaunchScreen.storyboard;
			sourceTree = "<group>";
		};
/* End PBXVariantGroup section */

/* Begin XCBuildConfiguration section */
		F410EB9E2BF3299A0075BA50 /* Debug */ = {
			isa = XCBuildConfiguration;
			buildSettings = {
				ALWAYS_SEARCH_USER_PATHS = NO;
				ASSETCATALOG_COMPILER_GENERATE_SWIFT_ASSET_SYMBOL_EXTENSIONS = YES;
				CLANG_ANALYZER_NONNULL = YES;
				CLANG_ANALYZER_NUMBER_OBJECT_CONVERSION = YES_AGGRESSIVE;
				CLANG_CXX_LANGUAGE_STANDARD = "gnu++20";
				CLANG_ENABLE_MODULES = YES;
				CLANG_ENABLE_OBJC_ARC = YES;
				CLANG_ENABLE_OBJC_WEAK = YES;
				CLANG_WARN_BLOCK_CAPTURE_AUTORELEASING = YES;
				CLANG_WARN_BOOL_CONVERSION = YES;
				CLANG_WARN_COMMA = YES;
				CLANG_WARN_CONSTANT_CONVERSION = YES;
				CLANG_WARN_DEPRECATED_OBJC_IMPLEMENTATIONS = YES;
				CLANG_WARN_DIRECT_OBJC_ISA_USAGE = YES_ERROR;
				CLANG_WARN_DOCUMENTATION_COMMENTS = YES;
				CLANG_WARN_EMPTY_BODY = YES;
				CLANG_WARN_ENUM_CONVERSION = YES;
				CLANG_WARN_INFINITE_RECURSION = YES;
				CLANG_WARN_INT_CONVERSION = YES;
				CLANG_WARN_NON_LITERAL_NULL_CONVERSION = YES;
				CLANG_WARN_OBJC_IMPLICIT_RETAIN_SELF = YES;
				CLANG_WARN_OBJC_LITERAL_CONVERSION = YES;
				CLANG_WARN_OBJC_ROOT_CLASS = YES_ERROR;
				CLANG_WARN_QUOTED_INCLUDE_IN_FRAMEWORK_HEADER = YES;
				CLANG_WARN_RANGE_LOOP_ANALYSIS = YES;
				CLANG_WARN_STRICT_PROTOTYPES = YES;
				CLANG_WARN_SUSPICIOUS_MOVE = YES;
				CLANG_WARN_UNGUARDED_AVAILABILITY = YES_AGGRESSIVE;
				CLANG_WARN_UNREACHABLE_CODE = YES;
				CLANG_WARN__DUPLICATE_METHOD_MATCH = YES;
				COPY_PHASE_STRIP = NO;
				DEBUG_INFORMATION_FORMAT = dwarf;
				ENABLE_STRICT_OBJC_MSGSEND = YES;
				ENABLE_TESTABILITY = YES;
				ENABLE_USER_SCRIPT_SANDBOXING = YES;
				GCC_C_LANGUAGE_STANDARD = gnu17;
				GCC_DYNAMIC_NO_PIC = NO;
				GCC_NO_COMMON_BLOCKS = YES;
				GCC_OPTIMIZATION_LEVEL = 0;
				GCC_PREPROCESSOR_DEFINITIONS = (
					"DEBUG=1",
					"$(inherited)",
				);
				GCC_WARN_64_TO_32_BIT_CONVERSION = YES;
				GCC_WARN_ABOUT_RETURN_TYPE = YES_ERROR;
				GCC_WARN_UNDECLARED_SELECTOR = YES;
				GCC_WARN_UNINITIALIZED_AUTOS = YES_AGGRESSIVE;
				GCC_WARN_UNUSED_FUNCTION = YES;
				GCC_WARN_UNUSED_VARIABLE = YES;
				IPHONEOS_DEPLOYMENT_TARGET = 15.0;
				LOCALIZATION_PREFERS_STRING_CATALOGS = YES;
				MTL_ENABLE_DEBUG_INFO = INCLUDE_SOURCE;
				MTL_FAST_MATH = YES;
				ONLY_ACTIVE_ARCH = YES;
				SDKROOT = iphoneos;
				SWIFT_ACTIVE_COMPILATION_CONDITIONS = "DEBUG $(inherited)";
				SWIFT_OPTIMIZATION_LEVEL = "-Onone";
			};
			name = Debug;
		};
		F410EB9F2BF3299A0075BA50 /* Release */ = {
			isa = XCBuildConfiguration;
			buildSettings = {
				ALWAYS_SEARCH_USER_PATHS = NO;
				ASSETCATALOG_COMPILER_GENERATE_SWIFT_ASSET_SYMBOL_EXTENSIONS = YES;
				CLANG_ANALYZER_NONNULL = YES;
				CLANG_ANALYZER_NUMBER_OBJECT_CONVERSION = YES_AGGRESSIVE;
				CLANG_CXX_LANGUAGE_STANDARD = "gnu++20";
				CLANG_ENABLE_MODULES = YES;
				CLANG_ENABLE_OBJC_ARC = YES;
				CLANG_ENABLE_OBJC_WEAK = YES;
				CLANG_WARN_BLOCK_CAPTURE_AUTORELEASING = YES;
				CLANG_WARN_BOOL_CONVERSION = YES;
				CLANG_WARN_COMMA = YES;
				CLANG_WARN_CONSTANT_CONVERSION = YES;
				CLANG_WARN_DEPRECATED_OBJC_IMPLEMENTATIONS = YES;
				CLANG_WARN_DIRECT_OBJC_ISA_USAGE = YES_ERROR;
				CLANG_WARN_DOCUMENTATION_COMMENTS = YES;
				CLANG_WARN_EMPTY_BODY = YES;
				CLANG_WARN_ENUM_CONVERSION = YES;
				CLANG_WARN_INFINITE_RECURSION = YES;
				CLANG_WARN_INT_CONVERSION = YES;
				CLANG_WARN_NON_LITERAL_NULL_CONVERSION = YES;
				CLANG_WARN_OBJC_IMPLICIT_RETAIN_SELF = YES;
				CLANG_WARN_OBJC_LITERAL_CONVERSION = YES;
				CLANG_WARN_OBJC_ROOT_CLASS = YES_ERROR;
				CLANG_WARN_QUOTED_INCLUDE_IN_FRAMEWORK_HEADER = YES;
				CLANG_WARN_RANGE_LOOP_ANALYSIS = YES;
				CLANG_WARN_STRICT_PROTOTYPES = YES;
				CLANG_WARN_SUSPICIOUS_MOVE = YES;
				CLANG_WARN_UNGUARDED_AVAILABILITY = YES_AGGRESSIVE;
				CLANG_WARN_UNREACHABLE_CODE = YES;
				CLANG_WARN__DUPLICATE_METHOD_MATCH = YES;
				COPY_PHASE_STRIP = NO;
				DEBUG_INFORMATION_FORMAT = "dwarf-with-dsym";
				ENABLE_NS_ASSERTIONS = NO;
				ENABLE_STRICT_OBJC_MSGSEND = YES;
				ENABLE_USER_SCRIPT_SANDBOXING = YES;
				GCC_C_LANGUAGE_STANDARD = gnu17;
				GCC_NO_COMMON_BLOCKS = YES;
				GCC_WARN_64_TO_32_BIT_CONVERSION = YES;
				GCC_WARN_ABOUT_RETURN_TYPE = YES_ERROR;
				GCC_WARN_UNDECLARED_SELECTOR = YES;
				GCC_WARN_UNINITIALIZED_AUTOS = YES_AGGRESSIVE;
				GCC_WARN_UNUSED_FUNCTION = YES;
				GCC_WARN_UNUSED_VARIABLE = YES;
				IPHONEOS_DEPLOYMENT_TARGET = 15.0;
				LOCALIZATION_PREFERS_STRING_CATALOGS = YES;
				MTL_ENABLE_DEBUG_INFO = NO;
				MTL_FAST_MATH = YES;
				SDKROOT = iphoneos;
				SWIFT_COMPILATION_MODE = wholemodule;
				VALIDATE_PRODUCT = YES;
			};
			name = Release;
		};
		F410EBA12BF3299A0075BA50 /* Debug */ = {
			isa = XCBuildConfiguration;
			baseConfigurationReference = 2A67F9012BF75BEB0075465D /* APIKey.xcconfig */;
			buildSettings = {
				ASSETCATALOG_COMPILER_APPICON_NAME = AppIcon;
				ASSETCATALOG_COMPILER_GLOBAL_ACCENT_COLOR_NAME = AccentColor;
				CODE_SIGN_ENTITLEMENTS = WordWideWeb/WordWideWeb.entitlements;
				CODE_SIGN_STYLE = Automatic;
				CURRENT_PROJECT_VERSION = 1;
				DEVELOPMENT_TEAM = 3TK9KW93RC;
				GENERATE_INFOPLIST_FILE = YES;
				INFOPLIST_FILE = WordWideWeb/Info.plist;
				INFOPLIST_KEY_UIApplicationSupportsIndirectInputEvents = YES;
				INFOPLIST_KEY_UILaunchStoryboardName = LaunchScreen;
				INFOPLIST_KEY_UIMainStoryboardFile = Main;
				INFOPLIST_KEY_UISupportedInterfaceOrientations_iPad = "UIInterfaceOrientationPortrait UIInterfaceOrientationPortraitUpsideDown UIInterfaceOrientationLandscapeLeft UIInterfaceOrientationLandscapeRight";
				INFOPLIST_KEY_UISupportedInterfaceOrientations_iPhone = "UIInterfaceOrientationPortrait UIInterfaceOrientationLandscapeLeft UIInterfaceOrientationLandscapeRight";
				IPHONEOS_DEPLOYMENT_TARGET = 15.0;
				LD_RUNPATH_SEARCH_PATHS = (
					"$(inherited)",
					"@executable_path/Frameworks",
				);
				MARKETING_VERSION = 1.0;
				PRODUCT_BUNDLE_IDENTIFIER = com.mgynsz.WordWideWeb;
				PRODUCT_NAME = "$(TARGET_NAME)";
				SUPPORTED_PLATFORMS = "iphoneos iphonesimulator";
				SUPPORTS_MACCATALYST = NO;
				SUPPORTS_MAC_DESIGNED_FOR_IPHONE_IPAD = NO;
				SUPPORTS_XR_DESIGNED_FOR_IPHONE_IPAD = NO;
				SWIFT_EMIT_LOC_STRINGS = YES;
				SWIFT_VERSION = 5.0;
				TARGETED_DEVICE_FAMILY = 1;
			};
			name = Debug;
		};
		F410EBA22BF3299A0075BA50 /* Release */ = {
			isa = XCBuildConfiguration;
			baseConfigurationReference = 2A67F9012BF75BEB0075465D /* APIKey.xcconfig */;
			buildSettings = {
				ASSETCATALOG_COMPILER_APPICON_NAME = AppIcon;
				ASSETCATALOG_COMPILER_GLOBAL_ACCENT_COLOR_NAME = AccentColor;
				CODE_SIGN_ENTITLEMENTS = WordWideWeb/WordWideWeb.entitlements;
				CODE_SIGN_STYLE = Automatic;
				CURRENT_PROJECT_VERSION = 1;
				DEVELOPMENT_TEAM = 3TK9KW93RC;
				GENERATE_INFOPLIST_FILE = YES;
				INFOPLIST_FILE = WordWideWeb/Info.plist;
				INFOPLIST_KEY_UIApplicationSupportsIndirectInputEvents = YES;
				INFOPLIST_KEY_UILaunchStoryboardName = LaunchScreen;
				INFOPLIST_KEY_UIMainStoryboardFile = Main;
				INFOPLIST_KEY_UISupportedInterfaceOrientations_iPad = "UIInterfaceOrientationPortrait UIInterfaceOrientationPortraitUpsideDown UIInterfaceOrientationLandscapeLeft UIInterfaceOrientationLandscapeRight";
				INFOPLIST_KEY_UISupportedInterfaceOrientations_iPhone = "UIInterfaceOrientationPortrait UIInterfaceOrientationLandscapeLeft UIInterfaceOrientationLandscapeRight";
				IPHONEOS_DEPLOYMENT_TARGET = 15.0;
				LD_RUNPATH_SEARCH_PATHS = (
					"$(inherited)",
					"@executable_path/Frameworks",
				);
				MARKETING_VERSION = 1.0;
				PRODUCT_BUNDLE_IDENTIFIER = com.mgynsz.WordWideWeb;
				PRODUCT_NAME = "$(TARGET_NAME)";
				SUPPORTED_PLATFORMS = "iphoneos iphonesimulator";
				SUPPORTS_MACCATALYST = NO;
				SUPPORTS_MAC_DESIGNED_FOR_IPHONE_IPAD = NO;
				SUPPORTS_XR_DESIGNED_FOR_IPHONE_IPAD = NO;
				SWIFT_EMIT_LOC_STRINGS = YES;
				SWIFT_VERSION = 5.0;
				TARGETED_DEVICE_FAMILY = 1;
			};
			name = Release;
		};
/* End XCBuildConfiguration section */

/* Begin XCConfigurationList section */
		F410EB872BF329980075BA50 /* Build configuration list for PBXProject "WordWideWeb" */ = {
			isa = XCConfigurationList;
			buildConfigurations = (
				F410EB9E2BF3299A0075BA50 /* Debug */,
				F410EB9F2BF3299A0075BA50 /* Release */,
			);
			defaultConfigurationIsVisible = 0;
			defaultConfigurationName = Release;
		};
		F410EBA02BF3299A0075BA50 /* Build configuration list for PBXNativeTarget "WordWideWeb" */ = {
			isa = XCConfigurationList;
			buildConfigurations = (
				F410EBA12BF3299A0075BA50 /* Debug */,
				F410EBA22BF3299A0075BA50 /* Release */,
			);
			defaultConfigurationIsVisible = 0;
			defaultConfigurationName = Release;
		};
/* End XCConfigurationList section */

/* Begin XCRemoteSwiftPackageReference section */
		2A8447172BF3631100AE319A /* XCRemoteSwiftPackageReference "firebase-ios-sdk" */ = {
			isa = XCRemoteSwiftPackageReference;
			repositoryURL = "https://github.com/firebase/firebase-ios-sdk.git";
			requirement = {
				kind = exactVersion;
				version = 10.26.0;
			};
		};
		2AA413D72BF3D17100C34FEB /* XCRemoteSwiftPackageReference "GoogleSignIn-iOS" */ = {
			isa = XCRemoteSwiftPackageReference;
			repositoryURL = "https://github.com/google/GoogleSignIn-iOS.git";
			requirement = {
				kind = upToNextMajorVersion;
				minimumVersion = 7.1.0;
			};
		};
		B9F7CEA42BFC27DC00DEF732 /* XCRemoteSwiftPackageReference "SnapKit" */ = {
			isa = XCRemoteSwiftPackageReference;
			repositoryURL = "https://github.com/SnapKit/SnapKit.git";
			requirement = {
				kind = upToNextMajorVersion;
				minimumVersion = 5.7.1;
			};
		};
		F410EBBB2BF34F790075BA50 /* XCRemoteSwiftPackageReference "SDWebImage" */ = {
			isa = XCRemoteSwiftPackageReference;
			repositoryURL = "https://github.com/SDWebImage/SDWebImage";
			requirement = {
				kind = upToNextMajorVersion;
				minimumVersion = 5.19.2;
			};
		};
/* End XCRemoteSwiftPackageReference section */

/* Begin XCSwiftPackageProductDependency section */
		2A8447182BF3631100AE319A /* FirebaseAnalytics */ = {
			isa = XCSwiftPackageProductDependency;
			package = 2A8447172BF3631100AE319A /* XCRemoteSwiftPackageReference "firebase-ios-sdk" */;
			productName = FirebaseAnalytics;
		};
		2A84471A2BF3631100AE319A /* FirebaseAnalyticsSwift */ = {
			isa = XCSwiftPackageProductDependency;
			package = 2A8447172BF3631100AE319A /* XCRemoteSwiftPackageReference "firebase-ios-sdk" */;
			productName = FirebaseAnalyticsSwift;
		};
		2A84471C2BF3631100AE319A /* FirebaseAuth */ = {
			isa = XCSwiftPackageProductDependency;
			package = 2A8447172BF3631100AE319A /* XCRemoteSwiftPackageReference "firebase-ios-sdk" */;
			productName = FirebaseAuth;
		};
		2A84471E2BF3631100AE319A /* FirebaseAuthCombine-Community */ = {
			isa = XCSwiftPackageProductDependency;
			package = 2A8447172BF3631100AE319A /* XCRemoteSwiftPackageReference "firebase-ios-sdk" */;
			productName = "FirebaseAuthCombine-Community";
		};
		2A8447202BF3631100AE319A /* FirebaseDatabase */ = {
			isa = XCSwiftPackageProductDependency;
			package = 2A8447172BF3631100AE319A /* XCRemoteSwiftPackageReference "firebase-ios-sdk" */;
			productName = FirebaseDatabase;
		};
		2A8447222BF3631100AE319A /* FirebaseDatabaseSwift */ = {
			isa = XCSwiftPackageProductDependency;
			package = 2A8447172BF3631100AE319A /* XCRemoteSwiftPackageReference "firebase-ios-sdk" */;
			productName = FirebaseDatabaseSwift;
		};
		2A8447242BF3631100AE319A /* FirebaseFirestore */ = {
			isa = XCSwiftPackageProductDependency;
			package = 2A8447172BF3631100AE319A /* XCRemoteSwiftPackageReference "firebase-ios-sdk" */;
			productName = FirebaseFirestore;
		};
		2A8447262BF3631100AE319A /* FirebaseFirestoreCombine-Community */ = {
			isa = XCSwiftPackageProductDependency;
			package = 2A8447172BF3631100AE319A /* XCRemoteSwiftPackageReference "firebase-ios-sdk" */;
			productName = "FirebaseFirestoreCombine-Community";
		};
		2A8447282BF3631100AE319A /* FirebaseFirestoreSwift */ = {
			isa = XCSwiftPackageProductDependency;
			package = 2A8447172BF3631100AE319A /* XCRemoteSwiftPackageReference "firebase-ios-sdk" */;
			productName = FirebaseFirestoreSwift;
		};
		2A84472A2BF3631100AE319A /* FirebaseStorage */ = {
			isa = XCSwiftPackageProductDependency;
			package = 2A8447172BF3631100AE319A /* XCRemoteSwiftPackageReference "firebase-ios-sdk" */;
			productName = FirebaseStorage;
		};
		2A84472C2BF3631100AE319A /* FirebaseStorageCombine-Community */ = {
			isa = XCSwiftPackageProductDependency;
			package = 2A8447172BF3631100AE319A /* XCRemoteSwiftPackageReference "firebase-ios-sdk" */;
			productName = "FirebaseStorageCombine-Community";
		};
		2AA413D82BF3D17100C34FEB /* GoogleSignIn */ = {
			isa = XCSwiftPackageProductDependency;
			package = 2AA413D72BF3D17100C34FEB /* XCRemoteSwiftPackageReference "GoogleSignIn-iOS" */;
			productName = GoogleSignIn;
		};
		2AA413DA2BF3D17100C34FEB /* GoogleSignInSwift */ = {
			isa = XCSwiftPackageProductDependency;
			package = 2AA413D72BF3D17100C34FEB /* XCRemoteSwiftPackageReference "GoogleSignIn-iOS" */;
			productName = GoogleSignInSwift;
		};
		B9F7CEA52BFC27DC00DEF732 /* SnapKit */ = {
			isa = XCSwiftPackageProductDependency;
			package = B9F7CEA42BFC27DC00DEF732 /* XCRemoteSwiftPackageReference "SnapKit" */;
			productName = SnapKit;
		};
		F410EBBC2BF34F790075BA50 /* SDWebImage */ = {
			isa = XCSwiftPackageProductDependency;
			package = F410EBBB2BF34F790075BA50 /* XCRemoteSwiftPackageReference "SDWebImage" */;
			productName = SDWebImage;
		};
		F410EBBE2BF34F790075BA50 /* SDWebImageMapKit */ = {
			isa = XCSwiftPackageProductDependency;
			package = F410EBBB2BF34F790075BA50 /* XCRemoteSwiftPackageReference "SDWebImage" */;
			productName = SDWebImageMapKit;
		};
/* End XCSwiftPackageProductDependency section */
	};
	rootObject = F410EB842BF329980075BA50 /* Project object */;
}
